
Microsoft Visual Studio Solution File, Format Version 12.00
# Visual Studio 2012
Project("{FAE04EC0-301F-11D3-BF4B-00C04F79EFBC}") = "TimetablingSystem", "TimetablingSystem\TimetablingSystem.csproj", "{5CEC8D09-3F95-4D09-8095-2E6FBEDB85AB}"
EndProject
Global
	GlobalSection(SolutionConfigurationPlatforms) = preSolution
		Debug|Any CPU = Debug|Any CPU
		Release|Any CPU = Release|Any CPU
	EndGlobalSection
	GlobalSection(ProjectConfigurationPlatforms) = postSolution
		{5CEC8D09-3F95-4D09-8095-2E6FBEDB85AB}.Debug|Any CPU.ActiveCfg = Debug|Any CPU
		{5CEC8D09-3F95-4D09-8095-2E6FBEDB85AB}.Debug|Any CPU.Build.0 = Debug|Any CPU
		{5CEC8D09-3F95-4D09-8095-2E6FBEDB85AB}.Release|Any CPU.ActiveCfg = Release|Any CPU
		{5CEC8D09-3F95-4D09-8095-2E6FBEDB85AB}.Release|Any CPU.Build.0 = Release|Any CPU
	EndGlobalSection
	GlobalSection(SolutionProperties) = preSolution
		HideSolutionNode = FALSE
	EndGlobalSection
EndGlobal
